schema: '2.0'
stages:
  transform:
    cmd: PYTHONPATH=. python scripts/dfe/transform.py
    deps:
    - path: scripts/dfe/transform.py
      hash: md5
      md5: a12e76a0705d55d024cdc1e16f4d63e1
      size: 3307
    - path: working/upstream/ks4_outcomes.csv
      hash: md5
      md5: ec15396dd6d9b780f03a0860f96a3137
      size: 473820
    outs:
    - path: src/maps/education/_data/view/avg_att8_boys.csv
      hash: md5
      md5: 39f7107733d349997f0a8648894cd4fb
      size: 6742
      isexec: true
    - path: src/maps/education/_data/view/avg_att8_girls.csv
      hash: md5
      md5: 7294ee5ea0f91825d2a5768358626150
      size: 6894
      isexec: true
    - path: src/maps/education/_data/view/avg_att8_total.csv
      hash: md5
      md5: 9dc7a45d3d7d4d0e3ce6e35b8335c8b1
      size: 6894
      isexec: true
    - path: src/maps/education/_data/view/avg_p8score_boys.csv
      hash: md5
      md5: 2a85d814c4f577c3ff3f4a51ac5467d4
      size: 7295
      isexec: true
    - path: src/maps/education/_data/view/avg_p8score_girls.csv
      hash: md5
      md5: bf9d81c0869e076b42e5b3716a4a5a0f
      size: 7379
      isexec: true
    - path: src/maps/education/_data/view/avg_p8score_total.csv
      hash: md5
      md5: 8de872ce1eba5bc7e42f686891460afe
      size: 7423
      isexec: true
  transform_char_outcomes:
    cmd: PYTHONPATH=. python scripts/dfe/transform_char_outcomes.py
    deps:
    - path: scripts/dfe/transform_char_outcomes.py
      hash: md5
      md5: 539ad1f0f677a246c54179ebbb14029a
      size: 1630
    - path: working/upstream/ks4_char_outcomes.csv
      hash: md5
      md5: 5246a735aa00bcdc2b01d1a578751522
      size: 23707387
    outs:
    - path: src/maps/education/_data/view/ks4_char_outcomes.csv
      hash: md5
      md5: d5e764b584eaf1edd2993f2e2a42f206
      size: 95499
  transform_char_outputs:
    cmd: PYTHONPATH=. python scripts/dfe/transform_ks4_outcomes.py
    deps:
    - path: scripts/dfe/transform_ks4_outcomes.py
      hash: md5
      md5: a12e76a0705d55d024cdc1e16f4d63e1
      size: 3307
    - path: working/upstream/ks4_char_outcomes.csv
      hash: md5
      md5: 5246a735aa00bcdc2b01d1a578751522
      size: 23707387
  transform_ks4_outcomes:
    cmd: PYTHONPATH=. python scripts/dfe/transform_ks4_outcomes.py
    deps:
    - path: scripts/dfe/transform_ks4_outcomes.py
      hash: md5
      md5: e7f7eb41af52c9dbf3541b93dfe4ab45
      size: 1986
    - path: working/upstream/ks4_outcomes.csv
      hash: md5
      md5: ec15396dd6d9b780f03a0860f96a3137
      size: 473820
    outs:
    - path: src/maps/education/_data/view/ks4_outcomes.csv
      hash: md5
      md5: c3c1dd1585deb4a23947c0962c87d1cc
      size: 23257
