schema: '2.0'
stages:
  prepare:
    cmd: PYTHONPATH=. python3 scripts/international/prepare.py
    deps:
    - path: scripts/international/prepare.py
      hash: md5
      md5: 6f3b09bb3a70473d73b4ad0f4e8af98b
      size: 4338
    - path: scripts/labour-market/config.py
      hash: md5
      md5: c9187b99fb9c48a24be707561d15eaa2
      size: 5131
    - path: working/upstream/oecd_lfs_by_sex_and_age.csv
      hash: md5
      md5: c2ee041bc5098fe579d5efcbbd1cca37
      size: 11362509
    outs:
    - path: src/maps/international/_data/view
      hash: md5
      md5: 1f9d51f00fc9f0fa31685072a1edbe74.dir
      size: 24943
      nfiles: 12
