schema: '2.0'
stages:
  transform:
    cmd: PYTHONPATH=. python3 scripts/labour-market/transform.py
    deps:
    - path: scripts/labour-market/config.py
      hash: md5
      md5: c9187b99fb9c48a24be707561d15eaa2
      size: 5131
    - path: scripts/labour-market/transform.py
      hash: md5
      md5: 9cbca22d479463d2856c914024d5479e
      size: 608
    - path: working/LMS_data.csv
      hash: md5
      md5: 646d23aecde612fc8c4fa1284505a7e3
      size: 16902390
    outs:
    - path: data/labour-market/monthly-rolling.csv
      hash: md5
      md5: 85c7aa02cd93e4111e946f706afbe54e
      size: 358711
  prepare:
    cmd: papermill prepare.ipynb ../../working/output/labour-market-prepare.ipynb
    deps:
    - path: ../../data/labour-market/monthly-rolling.csv
      hash: md5
      md5: 85c7aa02cd93e4111e946f706afbe54e
      size: 358711
    - path: ../../scripts/util/
      hash: md5
      md5: 852483411368876cc99fee548e7c48d3.dir
      size: 9708
      nfiles: 6
    - path: ../../working/metadata.csv
      hash: md5
      md5: 40bf2e9ee4da4151132e14ea776600ef
      size: 7571
    - path: config.py
      hash: md5
      md5: c9187b99fb9c48a24be707561d15eaa2
      size: 5131
    - path: prepare.ipynb
      hash: md5
      md5: 8e26694a5328022c4ef105c1eb274952
      size: 55354
    - path: prepare.py
      hash: md5
      md5: 09def7c536dd2fc8644c8100908aaebc
      size: 6539
    outs:
    - path: ../../src/_data/sources/labour-market/headlines.csv
      hash: md5
      md5: 8f55c0ef7f8df3d6e2a9ba6d472cb8d2
      size: 1166
    - path: ../../src/_data/sources/labour-market/labour_market_status_all_data.csv
      hash: md5
      md5: 1ce77837fe7ebf04cb217e3507e0aeb7
      size: 33764
    - path: ../../src/_data/sources/labour-market/labour_market_status_last_3_years.csv
      hash: md5
      md5: d0e6e421e6acc973725f6a5865f4683f
      size: 6467
    - path: ../../src/_data/sources/labour-market/long_term_unemployed_all_data.csv
      hash: md5
      md5: 5d10a1e4a659df1a17fb2889f2e393b9
      size: 11432
    - path: ../../src/_data/sources/labour-market/long_term_unemployed_last_3_years.csv
      hash: md5
      md5: 081ba968004c78e2c574b4ae22a733fa
      size: 1945
    - path: ../../src/dashboard/labour-market/_data/latest.json
      hash: md5
      md5: fb268b36258292c99508cfd7f4478919
      size: 537
