schema: '2.0'
stages:
  transform:
    cmd: PYTHONPATH=. python3 scripts/labour-market/transform.py
    deps:
    - path: scripts/labour-market/config.py
      hash: md5
      md5: c9187b99fb9c48a24be707561d15eaa2
      size: 5131
    - path: scripts/labour-market/transform.py
      hash: md5
      md5: f1bef03011884fcb317729ccc5081d95
      size: 628
    - path: working/upstream/lms.csv
      hash: md5
      md5: 72d52598a0ba79effd075f9f66180a4d
      size: 17934704
    outs:
    - path: data/labour-market/monthly-rolling.csv
      hash: md5
      md5: 988388933a92bbe7bbb5b6eb8266a7b8
      size: 359985
  prepare:
    cmd: papermill prepare.ipynb ../../working/output/labour-market-prepare.ipynb
    deps:
    - path: ../../data/labour-market/monthly-rolling.csv
      hash: md5
      md5: 988388933a92bbe7bbb5b6eb8266a7b8
      size: 359985
    - path: ../../scripts/util/
      hash: md5
      md5: c7bb69be54b1e9f9ce79d49e29ead857.dir
      size: 9655
      nfiles: 6
    - path: config.py
      hash: md5
      md5: c9187b99fb9c48a24be707561d15eaa2
      size: 5131
    - path: prepare.ipynb
      hash: md5
      md5: 8e26694a5328022c4ef105c1eb274952
      size: 55354
    - path: prepare.py
      hash: md5
      md5: 09def7c536dd2fc8644c8100908aaebc
      size: 6539
    outs:
    - path: ../../src/_data/sources/labour-market/headlines.csv
      hash: md5
      md5: a38245d79f577b6e8ee8d49ac94a530f
      size: 1166
    - path: ../../src/_data/sources/labour-market/labour_market_status_all_data.csv
      hash: md5
      md5: ce6e5a465884013248cf0cabf6eb2f09
      size: 33757
    - path: ../../src/_data/sources/labour-market/labour_market_status_last_3_years.csv
      hash: md5
      md5: 1e83c4a303b048bf7ccdb60d54412491
      size: 6464
    - path: ../../src/_data/sources/labour-market/long_term_unemployed_all_data.csv
      hash: md5
      md5: 1437060cd80e2827351d8f9459edfa21
      size: 11423
    - path: ../../src/_data/sources/labour-market/long_term_unemployed_last_3_years.csv
      hash: md5
      md5: 0bfe458954a1fa92b44a3b76ce41bee8
      size: 1942
    - path: ../../src/dashboard/labour-market/_data/latest.json
      hash: md5
      md5: a923981e1bb1ee513b7a1639a3ffca23
      size: 537
