schema: '2.0'
stages:
  transform:
    cmd: PYTHONPATH=. python3 scripts/labour-market/transform.py
    deps:
    - path: scripts/labour-market/config.py
      md5: 3bf24f08f1ee896917ecc45fc15c33ee
      size: 4799
    - path: scripts/labour-market/transform.py
      md5: 99639237710843ceb8aa21bcbc55dada
      size: 505
    - path: working/LMS_data.csv
      md5: 6aa1cd29bf0de08e912a2568bba5a056
      size: 16830346
    outs:
    - path: data/labour-market/monthly-rolling.csv
      md5: 72493b93e9a913bb6784692d9021473e
      size: 458646
  prepare:
    cmd: PYTHONPATH=. python3 scripts/labour-market/prepare.py
    deps:
    - path: data/labour-market/monthly-rolling.csv
      md5: 72493b93e9a913bb6784692d9021473e
      size: 458646
    - path: scripts/labour-market/config.py
      md5: 3bf24f08f1ee896917ecc45fc15c33ee
      size: 4799
    - path: scripts/labour-market/prepare.py
      md5: 88455eb0fd6842aaa321f49ab0ee6594
      size: 5984
    - path: scripts/util/date.py
      md5: 2e7d9d4230f47d81d486885152d79f8c
      size: 1564
    - path: scripts/util/file.py
      md5: 331fd2a96ccd35c59a6e52a65aa97e6c
      size: 396
    outs:
    - path: src/_data/sources/labour-market/headlines.csv
      md5: 969e242fa18c41923a1f97c2c0b68547
      size: 886
    - path: src/_data/sources/labour-market/labour_market_status_all_data.csv
      md5: 251f4fd0d96e1541a8dcd06da68b45fc
      size: 40857
    - path: src/_data/sources/labour-market/labour_market_status_last_3_years.csv
      md5: 5cbf8c8268f459dde3fbb5efe68d9375
      size: 6123
    - path: src/_data/sources/labour-market/long_term_unemployed_all_data.csv
      md5: 89e36b6cce2a09967dc1ea5cb966dfaf
      size: 6952
    - path: src/_data/sources/labour-market/long_term_unemployed_last_3_years.csv
      md5: 05078c4286f52f7ca60f5e69a3f36435
      size: 865
    - path: src/dashboard/labour-market/_data/latest.json
      md5: 48b54c191f9dfd2f649631162944ab55
      size: 331
