schema: '2.0'
stages:
  vis:
    cmd: PYTHONPATH=. python3 scripts/cpi/vis.py
    deps:
    - path: scripts/cpi/vis.py
      hash: md5
      md5: 1422c0cbcc30767a544fad3d290ed1dc
      size: 1176
    - path: scripts/util/util.py
      hash: md5
      md5: 7a19e12e920588cbb68973ae44b53384
      size: 5215
    - path: src/_data/sources/cpi/cpi_all_category_bar_chart.csv
      hash: md5
      md5: c5b98934ac236407527fb11f73ea6e2e
      size: 572
    - path: src/_data/sources/cpi/cpi_barchart.csv
      hash: md5
      md5: e67e7966f7f7dc68730e54581eefdac4
      size: 241
  transform:
    cmd: PYTHONPATH=. python3 scripts/cpi/transform.py
    deps:
    - path: scripts/cpi/transform.py
      hash: md5
      md5: 878b727488c1ea7f88e6d37cfb0775cb
      size: 784
    - path: scripts/util/date.py
      hash: md5
      md5: 2e7d9d4230f47d81d486885152d79f8c
      size: 1564
    - path: working/upstream/mm23.csv
      hash: md5
      md5: dac1aa9875e4184a8a7d67984c8fd43d
      size: 25794645
    outs:
    - path: data/cpi/transformed_cpi.csv
      hash: md5
      md5: f605c5ae82c62a565da12dc3b4b5bc2f
      size: 133161
  prepare:
    cmd: PYTHONPATH=. python3 scripts/cpi/prepare.py
    deps:
    - path: data/cpi/transformed_cpi.csv
      hash: md5
      md5: f605c5ae82c62a565da12dc3b4b5bc2f
      size: 133161
    - path: scripts/cpi/prepare.py
      hash: md5
      md5: baa430f643d94e5596d409b15e943900
      size: 8605
    - path: working/upstream/metadata.csv
      hash: md5
      md5: c23ed116c150000b4d9a22b2ff42e920
      size: 201
    - path: working/upstream/mm23-codes.csv
      hash: md5
      md5: af7d86532b1724242fa7ddcef43d7478
      size: 377768
    outs:
    - path: data/cpi/indicator.csv
      hash: md5
      md5: dd2c418c2e95883feaa50ba5c9112b20
      size: 119
    - path: src/_data/sources/cpi/cpi_all_category_bar_chart.csv
      hash: md5
      md5: b764b0b1cfc63409caf1aa1e531e51e7
      size: 578
    - path: src/_data/sources/cpi/cpi_barchart.csv
      hash: md5
      md5: 285d47397d70d3d1205c5b0efe9d115f
      size: 238
    - path: src/_data/sources/cpi/cpi_linechart.csv
      hash: md5
      md5: ad8e5a11d5411cce73eaedb5053a9f60
      size: 15217
    - path: src/_data/sources/cpi/cpi_summary_barchart.csv
      hash: md5
      md5: 03c1bb829d18ec68a27315dbc69bf690
      size: 144
    - path: src/_data/sources/cpi/headlines.csv
      hash: md5
      md5: e446e9b57bd4830a3b49a77e802d7307
      size: 316
    - path: src/_data/sources/cpi/metadata.json
      hash: md5
      md5: 982c07e6fa9e98ac02c48855a39cb414
      size: 64
  extract:
    cmd: PYTHONPATH=. python3 scripts/cpi/extract.py
    deps:
    - path: scripts/cpi/extract.py
      hash: md5
      md5: 8f761af28d451ece6e75beaad5e6296b
      size: 466
    outs:
    - path: working/cpi/consumerpriceinflationdetailedreferencetables.xlsx
      hash: md5
      md5: a0a65f14b367259b0f26de6186f918ec
      size: 2155946
      isexec: true
