schema: '2.0'
stages:
  extract:
    cmd: PYTHONPATH=. python3 scripts/cpi/extract.py
    deps:
    - path: scripts/cpi/extract.py
      md5: 2ec54df1c8a109ee7018bad8e79070f7
      size: 414
    outs:
    - path: working/cpi/consumerpriceinflationdetailedreferencetables.xlsx
      md5: b8822e60aa5dba8f0c60cd6acc8ee083
      size: 2161019
      isexec: true
  transform:
    cmd: PYTHONPATH=. python3 scripts/cpi/transform.py
    deps:
    - path: scripts/cpi/transform.py
      md5: c7fc2984bb6c64a848e26dbeed4df1da
      size: 4232
    - path: scripts/util/date.py
      md5: 7620d58e82a2a331de70a888e800b317
      size: 929
    - path: working/cpi/consumerpriceinflationdetailedreferencetables.xlsx
      md5: b8822e60aa5dba8f0c60cd6acc8ee083
      size: 2161019
    - path: working/lookups/MM23_variable_lookup.csv
      md5: 8c5b7ddcb89c096732ba8bee10939238
      size: 295471
    outs:
    - path: data/cpi/cpi.csv
      md5: 4892258155afd064f6dde205df9e9d2e
      size: 254
      isexec: true
    - path: data/cpi/stats.json
      md5: 532aad33bbc3ca0a205b8339cbbf9557
      size: 91
      isexec: true
    - path: src/_data/sources/cpi/headlines.csv
      md5: b924eb42088151faf13eed0d7550764a
      size: 299
      isexec: true
  prepare:
    cmd: PYTHONPATH=. python3 scripts/cpi/prepare.py
    deps:
    - path: data/cpi/cpi.csv
      md5: 4892258155afd064f6dde205df9e9d2e
      size: 254
    - path: scripts/cpi/prepare.py
      md5: 6b795611d50045a17142796f9ac1ccaa
      size: 417
    outs:
    - path: src/_data/sources/cpi/cpi.csv
      md5: 4892258155afd064f6dde205df9e9d2e
      size: 254
      isexec: true
    - path: src/_data/sources/cpi/stats.json
      md5: 532aad33bbc3ca0a205b8339cbbf9557
      size: 91
  vis:
    cmd: PYTHONPATH=. python3 scripts/cpi/vis.py
    deps:
    - path: data/cpi/cpi.csv
      md5: 4892258155afd064f6dde205df9e9d2e
      size: 254
    - path: scripts/cpi/vis.py
      md5: 2a15c96561a64c9efa642f500093db90
      size: 892
    - path: scripts/util/util.py
      md5: d0b2b87145742883d8245920e81035b8
      size: 3807
    - path: src/dashboard/cpi/_data/visualisations.yaml
      md5: 9b519c5eeefd0a156202b3b255d3c257
      size: 1747
      isexec: true
