schema: '2.0'
stages:
  vis:
    cmd: PYTHONPATH=. python3 scripts/cpi/vis.py
    deps:
    - path: scripts/cpi/vis.py
      hash: md5
      md5: 1422c0cbcc30767a544fad3d290ed1dc
      size: 1176
    - path: scripts/util/util.py
      hash: md5
      md5: 7a19e12e920588cbb68973ae44b53384
      size: 5215
    - path: src/_data/sources/cpi/cpi_all_category_bar_chart.csv
      hash: md5
      md5: c5b98934ac236407527fb11f73ea6e2e
      size: 572
    - path: src/_data/sources/cpi/cpi_barchart.csv
      hash: md5
      md5: e67e7966f7f7dc68730e54581eefdac4
      size: 241
  transform:
    cmd: PYTHONPATH=. python3 scripts/cpi/transform.py
    deps:
    - path: scripts/cpi/transform.py
      hash: md5
      md5: 878b727488c1ea7f88e6d37cfb0775cb
      size: 784
    - path: scripts/util/date.py
      hash: md5
      md5: 2e7d9d4230f47d81d486885152d79f8c
      size: 1564
    - path: working/upstream/mm23.csv
      hash: md5
      md5: 1ab38f5cd6970cfc9d0a9ad57139bc3b
      size: 25324608
    outs:
    - path: data/cpi/transformed_cpi.csv
      hash: md5
      md5: b41bcc7137d54ba92cc2ff793439c5e8
      size: 131289
  prepare:
    cmd: PYTHONPATH=. python3 scripts/cpi/prepare.py
    deps:
    - path: data/cpi/transformed_cpi.csv
      hash: md5
      md5: b41bcc7137d54ba92cc2ff793439c5e8
      size: 131289
    - path: scripts/cpi/prepare.py
      hash: md5
      md5: baa430f643d94e5596d409b15e943900
      size: 8605
    - path: working/upstream/metadata.csv
      hash: md5
      md5: a06a038a1726b783d3353fc92de1b5f8
      size: 201
    - path: working/upstream/mm23-codes.csv
      hash: md5
      md5: c81822825977f3597ca450a122e56aee
      size: 389927
    outs:
    - path: data/cpi/indicator.csv
      hash: md5
      md5: b7ae3cdf349602d5b3438f4f09d82aab
      size: 118
    - path: src/_data/sources/cpi/cpi_all_category_bar_chart.csv
      hash: md5
      md5: 4501986db2b5ed0f8f65bda2f65120f1
      size: 578
    - path: src/_data/sources/cpi/cpi_barchart.csv
      hash: md5
      md5: a9d993d345214bd6f63f25f05998c14c
      size: 239
    - path: src/_data/sources/cpi/cpi_linechart.csv
      hash: md5
      md5: ca881b8270271328ef0de11095823718
      size: 15146
    - path: src/_data/sources/cpi/cpi_summary_barchart.csv
      hash: md5
      md5: e8076137d3171e0cf63f4a3fe1b990ca
      size: 183
    - path: src/_data/sources/cpi/headlines.csv
      hash: md5
      md5: a461e66cbd7e82833d47253360ec0d70
      size: 322
    - path: src/_data/sources/cpi/metadata.json
      hash: md5
      md5: 398cb437ca2a7965c0459b8147812304
      size: 62
  extract:
    cmd: PYTHONPATH=. python3 scripts/cpi/extract.py
    deps:
    - path: scripts/cpi/extract.py
      hash: md5
      md5: 8f761af28d451ece6e75beaad5e6296b
      size: 466
    outs:
    - path: working/cpi/consumerpriceinflationdetailedreferencetables.xlsx
      hash: md5
      md5: a0a65f14b367259b0f26de6186f918ec
      size: 2155946
      isexec: true
