schema: '2.0'
stages:
  transform:
    cmd: PYTHONPATH=. python scripts/neet-factors/transform.py
    deps:
    - path: scripts/neet-factors/transform.py
      hash: md5
      md5: de50a739d2e8e390658cc17144d332f5
      size: 8566
    - path: working/upstream/neet-factors.csv
      hash: md5
      md5: 7335083d5c50b867eb0ff321b0a71459
      size: 555225
    outs:
    - path: src/maps/neet-factors/_data/view
      hash: md5
      md5: f7667fc35f82336067b2d0cfceb21c47.dir
      size: 247443
      nfiles: 41
