schema: '2.0'
stages:
  transform:
    cmd: PYTHONPATH=. python scripts/education/transform.py
    deps:
    - path: scripts/education/transform.py
      hash: md5
      md5: 8407fc4321d1fee0ef7651cae295dc93
      size: 4347
    - path: working/upstream/education.csv
      hash: md5
      md5: 024f9ba2bfd92786a18a6298a8a06d9d
      size: 3294609
    outs:
    - path: src/maps/education/_data/view
      hash: md5
      md5: 045ad70475845f1cc5c38a84739719bd.dir
      size: 196414
      nfiles: 12
