schema: '2.0'
stages:
  extract:
    cmd: python3 scripts/qlms/extract.py
    deps:
    - path: scripts/qlms/extract.py
      md5: c78045dd1046d3aa75803fdfcd5be52f
      size: 2072
    outs:
    - path: working/qlms/a01latest.xls
      md5: 9977e7c3e36ed5cb40ac138b3cf425be
      size: 3801600
  transform:
    cmd: python3 scripts/qlms/transform.py
    deps:
    - path: scripts/qlms/transform.py
      md5: 29ec3f00d5c405415e530655a0d41e9a
      size: 1717
    - path: working/qlms/a01latest.xls
      md5: 9977e7c3e36ed5cb40ac138b3cf425be
      size: 3801600
    outs:
    - path: data/qlms/
      md5: 54069308783fc496504800a54c9e778d.dir
      size: 1008451
      nfiles: 4
