schema: '2.0'
stages:
  extract:
    cmd: python3 scripts/qlms/extract.py
    deps:
    - path: scripts/qlms/extract.py
      md5: c78045dd1046d3aa75803fdfcd5be52f
      size: 2072
    outs:
    - path: working/qlms/a01latest.xls
      md5: cbcaf6f304cb270fbcc299d1f82ad999
      size: 3781120
  transform:
    cmd: python3 scripts/qlms/transform.py
    deps:
    - path: scripts/qlms/transform.py
      md5: 29ec3f00d5c405415e530655a0d41e9a
      size: 1717
    - path: working/qlms/a01latest.xls
      md5: cbcaf6f304cb270fbcc299d1f82ad999
      size: 3781120
    outs:
    - path: data/qlms/
      md5: 8e940eba7c8a6e9e7b95432cca1dce10.dir
      size: 1011233
      nfiles: 4
