schema: '2.0'
stages:
  transform:
    cmd: PYTHONPATH=. python scripts/maps/transform.py
    deps:
    - path: scripts/maps/transform.py
      hash: md5
      md5: 2d444b1e9080e24630caaa84cf9dabd2
      size: 3974
    - path: working/upstream/census-employment-status.csv
      hash: md5
      md5: aa01ca494c03e7332df9264cbb1a3527
      size: 2565260
    - path: working/upstream/claimants-per-population-latest.csv
      hash: md5
      md5: 9bc73c62ed644b9baa331aa27c2b1aae
      size: 93716
    - path: working/upstream/labour-market_most_recent_by_pcon_2010.csv
      hash: md5
      md5: 0b507ad441f9c7f5fdfd26c0f3010d1b
      size: 1182616
    outs:
    - path: src/areas/maps/employment/_data/view
      hash: md5
      md5: 96d761d73db9eb4a4f1bbd6d735bedb7.dir
      size: 181086
      nfiles: 10
