schema: '2.0'
stages:
  transform:
    cmd: PYTHONPATH=. python scripts/maps/transform.py
    deps:
    - path: scripts/maps/transform.py
      hash: md5
      md5: 2f0aa2b9c9ea4cd6b1306aca9e40619d
      size: 3965
    - path: working/upstream/labour-market_latest_by_pcon_2010.csv
      hash: md5
      md5: 91acf422a1d81bf27f6937c8648d4fe3
      size: 858704
    - path: working/upstream/labour-market_most_recent_by_pcon_2010.csv
      hash: md5
      md5: 8fc25443a0abd19116f82c922fbfc534
      size: 1152838
    outs:
    - path: src/maps/employment/_data/view
      hash: md5
      md5: f003c08f2ac35960b9d53dbb6cd276e9.dir
      size: 187129
      nfiles: 10
