schema: '2.0'
stages:
  prepare:
    cmd: PYTHONPATH=. python3 scripts/vacancies/prepare.py
    deps:
    - path: data/vacancies/vacancies_edd.csv
      md5: 8c38b4239f92f2a01d306e94bab95a04
      size: 10735
    - path: scripts/vacancies/prepare.py
      md5: 6cf27678fd68caed8a425b1c46a8e2e0
      size: 5071
    - path: working/vacancies/vacancies_by_sector.csv
      md5: cf560065c870b454d8aec3c5e9cae104
      size: 974
    outs:
    - path: src/_data/sources/vacancies/
      md5: 835aa5538cdd0cf54cda2c8c79887ffe.dir
      size: 14698
      nfiles: 6
  extract:
    cmd: PYTHONPATH=. python3 scripts/vacancies/extract.py
    deps:
    - path: scripts/vacancies/extract.py
      md5: a49fc352dd8af50aa8d41b53463ec90d
      size: 563
    outs:
    - path: working/vacancies/vacancies_by_sector.csv
      md5: cf560065c870b454d8aec3c5e9cae104
      size: 974
      isexec: true
  transform:
    cmd: PYTHONPATH=. python3 scripts/vacancies/transform.py
    deps:
    - path: scripts/vacancies/transform.py
      md5: 49234177ab64c8129538417a04d7b5ca
      size: 822
    - path: working/LMS_data.csv
      md5: 6aa1cd29bf0de08e912a2568bba5a056
      size: 16830346
    - path: working/lookups/LMS_variable_lookup.csv
      md5: eb12567d3b2aee1199be9d29cf92bc94
      size: 137643
    outs:
    - path: data/vacancies/vacancies_edd.csv
      md5: 8c38b4239f92f2a01d306e94bab95a04
      size: 10362
