schema: '2.0'
stages:
  prepare:
    cmd: PYTHONPATH=. python3 scripts/vacancies/prepare.py
    deps:
    - path: data/vacancies/vacancies_by_date.csv
      hash: md5
      md5: 055d188681e754b156e2d31463e0371e
      size: 9271
    - path: scripts/util/metadata.py
      hash: md5
      md5: cfc702d76a3920af615dbbf1a9408cfd
      size: 697
    - path: scripts/vacancies/prepare.py
      hash: md5
      md5: 30321cc17cc6416dad43924392b54f00
      size: 5836
    - path: working/upstream/metadata.csv
      hash: md5
      md5: 1c20964723f13e91f059e459589aebc8
      size: 201
    - path: working/upstream/vacancies-growth-by-sector.csv
      hash: md5
      md5: 7fcf77ee1126ee73774de5349a4a49db
      size: 1934
    outs:
    - path: src/_data/sources/vacancies/
      hash: md5
      md5: 0d949ba67f6eb91ed93fa96cd02b0a32.dir
      size: 20668
      nfiles: 7
  extract:
    cmd: PYTHONPATH=. python3 scripts/vacancies/extract.py
    deps:
    - path: scripts/vacancies/extract.py
      md5: a49fc352dd8af50aa8d41b53463ec90d
      size: 547
    outs:
    - path: working/vacancies/vacancies_by_sector.csv
      hash: md5
      md5: d87aa1a94f87db2274f2b87c9ee0d9ab
      size: 848
  transform:
    cmd: papermill --no-progress-bar transform.ipynb ../../working/output/vacancies-transform.ipynb
    deps:
    - path: ../../working/upstream/unem-codes.csv
      hash: md5
      md5: 8402c8bcc56364c6ba69ef9ecbfafb93
      size: 35744
    - path: ../../working/upstream/unem.csv
      hash: md5
      md5: 5bc1e3bdbe23c9c27bbffd55110f3d0f
      size: 3671863
    - path: transform.ipynb
      hash: md5
      md5: 9ad3d7e68c06102c0196aa068faabfc2
      size: 2209
    outs:
    - path: ../../data/vacancies/vacancies_by_date.csv
      hash: md5
      md5: 055d188681e754b156e2d31463e0371e
      size: 9271
