schema: '2.0'
stages:
  prepare:
    cmd: PYTHONPATH=. python3 scripts/vacancies/prepare.py
    deps:
    - path: data/vacancies/vacancies_edd.csv
      hash: md5
      md5: 644f7966618c5c99af1e7c629587ab15
      size: 10506
    - path: scripts/vacancies/prepare.py
      hash: md5
      md5: 520a4d8030f09be13ebe57153d0923b2
      size: 5733
    - path: working/metadata.csv
      hash: md5
      md5: 43186523cee2c0f416d9c3e15d7490b6
      size: 7642
    - path: working/vacancies/vacancies_by_sector.csv
      hash: md5
      md5: d87aa1a94f87db2274f2b87c9ee0d9ab
      size: 848
    outs:
    - path: src/_data/sources/vacancies/
      hash: md5
      md5: 7e66c38edfc48053a19ec1be15424de9.dir
      size: 19998
      nfiles: 7
  extract:
    cmd: PYTHONPATH=. python3 scripts/vacancies/extract.py
    deps:
    - path: scripts/vacancies/extract.py
      md5: a49fc352dd8af50aa8d41b53463ec90d
      size: 547
    outs:
    - path: working/vacancies/vacancies_by_sector.csv
      hash: md5
      md5: d87aa1a94f87db2274f2b87c9ee0d9ab
      size: 848
  transform:
    cmd: PYTHONPATH=. python3 scripts/vacancies/transform.py
    deps:
    - path: scripts/vacancies/transform.py
      md5: 49234177ab64c8129538417a04d7b5ca
      size: 822
    - path: working/LMS_data.csv
      hash: md5
      md5: 0fa1500fa1ad5467cf0710943f012825
      size: 16991592
    - path: working/lookups/LMS_variable_lookup.csv
      md5: faf1d16226f95f8d2448b90d1d5868a0
      size: 137661
    outs:
    - path: data/vacancies/vacancies_edd.csv
      hash: md5
      md5: 644f7966618c5c99af1e7c629587ab15
      size: 10506
