schema: '2.0'
stages:
  transform:
    cmd:
    - python scripts/areas/employment/transform-labour-market.py
    - python scripts/areas/education/neet.py
    deps:
    - path: scripts/areas/education/neet.py
      hash: md5
      md5: 13183cdf13429a97f926aa9024ade366
      size: 699
    - path: scripts/areas/employment/transform-labour-market.py
      hash: md5
      md5: 826f1e565964621b1da1f92e0d6410ab
      size: 4856
    - path: working/upstream/labour-market_last_3_years_by_pcon_2010.csv
      hash: md5
      md5: 075509e09b9c108ec184bad5510de797
      size: 11551228
    - path: working/upstream/labour-market_most_recent_by_pcon.csv
      hash: md5
      md5: 1d0071636f87d2336aa293a872827ea4
      size: 2401777
    outs:
    - path: data/area/pcon/econ_active_16-19_last_3_years.csv
      hash: md5
      md5: 768c594b79ba7dc5fa5c865ee929b473
      size: 56862
    - path: data/area/pcon/econ_active_20-24_last_3_years.csv
      hash: md5
      md5: 0b5776ff247327a5292d541410afcb6b
      size: 73942
    - path: data/area/pcon/econ_inactive_16-24_last_3_years.csv
      hash: md5
      md5: 14a583ad739c44cbb0caf12adec9732d
      size: 74429
    - path: data/area/pcon/education_attainment_pcon_2010.csv
      hash: md5
      md5: 3d0f49f496e5b1b4ccb59ffb9daa1528
      size: 17431
    - path: data/area/pcon/headlines.csv
      hash: md5
      md5: ef05314ddb75942ae7da8482008c9f34
      size: 75884
    - path: data/area/pcon/youth_unem_16-24_last_3_years.csv
      hash: md5
      md5: 78e98b21c22be58c29b494847d04c9e2
      size: 32804
  summarise:
    cmd: python summarise.py
    deps:
    - path: ../../data/area/pcon/econ_active_16-19_last_3_years.csv
      hash: md5
      md5: a7c124b3633c4a40d7f7b7cb41cf6722
      size: 56151
    - path: ../../data/area/pcon/econ_active_20-24_last_3_years.csv
      hash: md5
      md5: 8bd80a3ae3c0c8ad18cbd5e719ee531d
      size: 73035
    - path: ../../data/area/pcon/econ_inactive_16-24_last_3_years.csv
      hash: md5
      md5: 239345c83749e923e08da70264126c61
      size: 73925
    - path: ../../data/area/pcon/education_attainment_pcon_2010.csv
      hash: md5
      md5: bbfdea8e2b72cf7ecf1ea4d5dd1fdd07
      size: 158
    - path: ../../data/area/pcon/headlines.csv
      hash: md5
      md5: 7eb7e1d0c3d5de210c38ce85382923af
      size: 75800
    - path: ../../data/area/pcon/youth_unem_16-24_last_3_years.csv
      hash: md5
      md5: 0af8cbce3f54d70fcd2e986f96059e9e
      size: 32257
    - path: ../../data/reference/constituency-descriptions.csv
      hash: md5
      md5: 8a9a902eff647f6ddd02fa35c809b323
      size: 5923
    - path: ../../src/_data/areas/reference/pcon.json
      hash: md5
      md5: 1c50577e9749fd76c1ae7f3e812a741d
      size: 41629
    - path: summarise.py
      hash: md5
      md5: 48598776c238469a7ae15723ec9098ad
      size: 6098
    outs:
    - path: ../../src/generated/areas/constituency/_data/summary.json
      hash: md5
      md5: 14a283a9981e03267a7fa61a0fbf1a82
      size: 1966031
  transform-labour-market:
    cmd: python scripts/areas/employment/transform-labour-market.py
    deps:
    - path: scripts/areas/employment/transform-labour-market.py
      hash: md5
      md5: 826f1e565964621b1da1f92e0d6410ab
      size: 4856
    - path: working/upstream/labour_market_by_pcon.parquet
      hash: md5
      md5: f30250d3a059d0327748e4b4f9b8bff7
      size: 350690
    outs:
    - path: data/area/pcon/econ_active_16-19_last_3_years.csv
      hash: md5
      md5: a7c124b3633c4a40d7f7b7cb41cf6722
      size: 56151
    - path: data/area/pcon/econ_active_20-24_last_3_years.csv
      hash: md5
      md5: 8bd80a3ae3c0c8ad18cbd5e719ee531d
      size: 73035
    - path: data/area/pcon/econ_inactive_16-24_last_3_years.csv
      hash: md5
      md5: 239345c83749e923e08da70264126c61
      size: 73925
    - path: data/area/pcon/headlines.csv
      hash: md5
      md5: 7eb7e1d0c3d5de210c38ce85382923af
      size: 75800
    - path: data/area/pcon/youth_unem_16-24_last_3_years.csv
      hash: md5
      md5: 0af8cbce3f54d70fcd2e986f96059e9e
      size: 32257
  transform-education:
    cmd: python scripts/areas/education/neet.py
    deps:
    - path: scripts/areas/education/neet.py
      hash: md5
      md5: 13183cdf13429a97f926aa9024ade366
      size: 699
    - path: working/upstream/education_attainment_pcon_2010.csv
      hash: md5
      md5: 1fc3c8fc4da05377b0c9bab48d75389a
      size: 72
    outs:
    - path: data/area/pcon/education_attainment_pcon_2010.csv
      hash: md5
      md5: bbfdea8e2b72cf7ecf1ea4d5dd1fdd07
      size: 158
