schema: '2.0'
stages:
  transform:
    cmd: PYTHONPATH=. python scripts/overlaps/transform.py
    deps:
    - path: scripts/overlaps/transform.py
      hash: md5
      md5: 87c40dbbecb27dddc810330015fd13e9
      size: 6928
    - path: working/upstream/neet-factors.csv
      hash: md5
      md5: 7335083d5c50b867eb0ff321b0a71459
      size: 555225
    outs:
    - path: src/maps/overlaps/_data/view
      hash: md5
      md5: 28e3aa215bfa1b22f7d82ecbfb70f7c7.dir
      size: 229339
      nfiles: 22
