schema: '2.0'
stages:
  extract:
    cmd: PYTHONPATH=. python3 scripts/qlfs/extract.py
    deps:
    - path: scripts/qlfs/extract.py
      md5: b02d93e0e95e6b65b3e5755edaef0a46
      size: 747
    outs:
    - path: working/qlfs/a06latest.xls
      md5: 15a65d761ae30a7714fc866b5013e0c6
      size: 1399808
    - path: working/qlfs/unem01latest.xls
      md5: 082978d202800b4f81988305c751d8e4
      size: 954368
  transform:
    cmd: PYTHONPATH=. python3 scripts/qlfs/transform.py
    deps:
    - path: scripts/qlfs/transform.py
      md5: 869f964bcafed1ede2a4f53dce2bb7df
      size: 2081
    - path: scripts/util/date.py
      md5: 541fdb42d596b87ba93234e2815f5045
      size: 401
    - path: working/lookups/lms_lookups.csv
      md5: 697eb686fe7560ca0b3aeb7df42c4f51
      size: 137643
    - path: working/qlfs/a06latest.xls
      md5: 15a65d761ae30a7714fc866b5013e0c6
      size: 1399808
    - path: working/qlfs/unem01latest.xls
      md5: 082978d202800b4f81988305c751d8e4
      size: 954368
    outs:
    - path: data/qlfs/16_to_24_long_term_unemployed.csv
      md5: caa4a9afa05c81d812c4240316a86085
      size: 1752
    - path: data/qlfs/16_to_24_not_in_education.csv
      md5: 958276ff5411b166a251d4fd80d70751
      size: 1310
