schema: '2.0'
stages:
  extract:
    cmd: PYTHONPATH=. python scripts/neet/extract.py
    deps:
    - path: scripts/neet/extract.py
      md5: 8c14ab3b3e57b27998e1b9cf53e4e4be
      size: 450
    outs:
    - path: working/neet/neetlatest.xlsx
      md5: 50244a60014fad2e2622538284b235a1
      size: 183641
  transform:
    cmd: PYTHONPATH=. python scripts/neet/transform.py
    deps:
    - path: scripts/neet/transform.py
      md5: b693cf49bf1d1887e14b137204fe7213
      size: 1320
    - path: scripts/util/date.py
      md5: 541fdb42d596b87ba93234e2815f5045
      size: 401
    - path: working/neet/neetlatest.xlsx
      md5: 50244a60014fad2e2622538284b235a1
      size: 183641
    outs:
    - path: data/neet/
      md5: 8da4a707ba912a52dc580e107a97414f.dir
      size: 1382
      nfiles: 1
