schema: '2.0'
stages:
  extract:
    cmd: PYTHONPATH=. python scripts/neet/extract.py
    deps:
    - path: scripts/neet/extract.py
      md5: 8c14ab3b3e57b27998e1b9cf53e4e4be
      size: 450
    outs:
    - path: working/neet/neetlatest.xlsx
      md5: 50244a60014fad2e2622538284b235a1
      size: 183641
  transform:
    cmd: PYTHONPATH=. python scripts/neet/transform.py
    deps:
    - path: scripts/neet/transform.py
      md5: ca3424548d0ed3a401b798c1b1b31770
      size: 2433
    - path: scripts/util/date.py
      md5: 2c3f6b068d9c369911c48f79c22b452b
      size: 747
    - path: working/neet/neetlatest.xlsx
      md5: 50244a60014fad2e2622538284b235a1
      size: 183641
    outs:
    - path: data/neet/neet.csv
      md5: f3bb0993cb840451d889531763e718ea
      size: 32417
  prepare:
    cmd: PYTHONPATH=. python scripts/neet/prepare.py
    deps:
    - path: data/neet/neet.csv
      md5: f3bb0993cb840451d889531763e718ea
      size: 32417
    - path: scripts/neet/prepare.py
      md5: a4ad27881a2e7b31ff0467e9caaf71cb
      size: 2296
    outs:
    - path: src/_data/sources/neet/headlines.csv
      md5: f69de60d7f4468ab2ce21a8c73299b30
      size: 382
    - path: src/_data/sources/neet/latest.json
      md5: f4fb1eabd343146b94c39b8d072627f8
      size: 110
    - path: src/_data/sources/neet/neet_all_data.csv
      md5: 0782a831fee1427a74c965a9102603ed
      size: 33671
    - path: src/_data/sources/neet/neet_last_3_years.csv
      md5: 5061e5d7054ada15d5713aa6bea01773
      size: 5511
