schema: '2.0'
stages:
  extract:
    cmd: PYTHONPATH=. python scripts/neet/extract.py
    deps:
    - path: scripts/neet/extract.py
      md5: 8c14ab3b3e57b27998e1b9cf53e4e4be
      size: 450
    outs:
    - path: working/neet/neetlatest.xlsx
      hash: md5
      md5: 16447fab0074639df68b1ca13d4f36e3
      size: 195066
  transform:
    cmd: papermill transform.ipynb ../../working/output/neet-transform.ipynb
    deps:
    - path: ../../working/upstream/metadata.csv
      hash: md5
      md5: 7a52f51f08a96504b9d31be1168315bd
      size: 201
    - path: ../../working/upstream/neet.csv
      hash: md5
      md5: a6d894c2cdc326e9b9d803c8149457c8
      size: 355240
    - path: transform.ipynb
      hash: md5
      md5: ce905af2b8ca8a4f5db6b9c54878006b
      size: 5828
    outs:
    - path: ../../data/neet/metadata.json
      hash: md5
      md5: f7cbc0dad02d4cc1ab3cffd7f44d578a
      size: 75
    - path: ../../data/neet/neet.csv
      hash: md5
      md5: 6f2824b862225c1015a227b197f37bc1
      size: 22694
  prepare:
    cmd: PYTHONPATH=. python scripts/neet/prepare.py
    deps:
    - path: data/neet/neet.csv
      hash: md5
      md5: 6f2824b862225c1015a227b197f37bc1
      size: 22694
    - path: scripts/neet/prepare.py
      hash: md5
      md5: 8ffcfc4c6f9f5ad209859c3dd7897d14
      size: 2750
    - path: scripts/util/date.py
      md5: 2e7d9d4230f47d81d486885152d79f8c
      size: 1564
    - path: scripts/util/file.py
      md5: 331fd2a96ccd35c59a6e52a65aa97e6c
      size: 396
    outs:
    - path: src/_data/sources/neet/headlines.csv
      hash: md5
      md5: 521d8269c7539419b968956e6f6f0b1d
      size: 382
    - path: src/_data/sources/neet/neet_all_data.csv
      hash: md5
      md5: 7c77221946e7ec633d4ed5597302f987
      size: 25310
    - path: src/_data/sources/neet/neet_last_3_years.csv
      hash: md5
      md5: 13240be638a17be32632dad656e42374
      size: 4256
    - path: src/dashboard/neet/_data/latest.json
      hash: md5
      md5: ead618ac323c755ccbdcd0b6807485fe
      size: 161
